// !$*UTF8*$!
{
	archiveVersion = 1;
	classes = {
	};
	objectVersion = 77;
	objects = {

/* Begin PBXBuildFile section */
		143214B12DCC87230048FF59 /* .gitignore in Resources */ = {isa = PBXBuildFile; fileRef = 143214B02DCC87230048FF59 /* .gitignore */; };
		1442F9BE2DCCA1B2004FF1CA /* SnapKit in Frameworks */ = {isa = PBXBuildFile; productRef = 1442F9BD2DCCA1B2004FF1CA /* SnapKit */; };
		1442F9C12DCCA1BF004FF1CA /* Then in Frameworks */ = {isa = PBXBuildFile; productRef = 1442F9C02DCCA1BF004FF1CA /* Then */; };
		1442F9C42DCCA1D2004FF1CA /* RxCocoa in Frameworks */ = {isa = PBXBuildFile; productRef = 1442F9C32DCCA1D2004FF1CA /* RxCocoa */; };
		1442F9C62DCCA1D2004FF1CA /* RxRelay in Frameworks */ = {isa = PBXBuildFile; productRef = 1442F9C52DCCA1D2004FF1CA /* RxRelay */; };
		1442F9C82DCCA1D2004FF1CA /* RxSwift in Frameworks */ = {isa = PBXBuildFile; productRef = 1442F9C72DCCA1D2004FF1CA /* RxSwift */; };
		1442F9F22DCDAAD8004FF1CA /* RxDataSources in Frameworks */ = {isa = PBXBuildFile; productRef = 1442F9F12DCDAAD8004FF1CA /* RxDataSources */; };
/* End PBXBuildFile section */

/* Begin PBXContainerItemProxy section */
		143214932DCC86D00048FF59 /* PBXContainerItemProxy */ = {
			isa = PBXContainerItemProxy;
			containerPortal = 143214742DCC86CE0048FF59 /* Project object */;
			proxyType = 1;
			remoteGlobalIDString = 1432147B2DCC86CE0048FF59;
			remoteInfo = iTunesProject;
		};
		1432149D2DCC86D00048FF59 /* PBXContainerItemProxy */ = {
			isa = PBXContainerItemProxy;
			containerPortal = 143214742DCC86CE0048FF59 /* Project object */;
			proxyType = 1;
			remoteGlobalIDString = 1432147B2DCC86CE0048FF59;
			remoteInfo = iTunesProject;
		};
/* End PBXContainerItemProxy section */

/* Begin PBXFileReference section */
		1432147C2DCC86CE0048FF59 /* iTunesProject.app */ = {isa = PBXFileReference; explicitFileType = wrapper.application; includeInIndex = 0; path = iTunesProject.app; sourceTree = BUILT_PRODUCTS_DIR; };
		143214922DCC86D00048FF59 /* iTunesProjectTests.xctest */ = {isa = PBXFileReference; explicitFileType = wrapper.cfbundle; includeInIndex = 0; path = iTunesProjectTests.xctest; sourceTree = BUILT_PRODUCTS_DIR; };
		1432149C2DCC86D00048FF59 /* iTunesProjectUITests.xctest */ = {isa = PBXFileReference; explicitFileType = wrapper.cfbundle; includeInIndex = 0; path = iTunesProjectUITests.xctest; sourceTree = BUILT_PRODUCTS_DIR; };
		143214B02DCC87230048FF59 /* .gitignore */ = {isa = PBXFileReference; lastKnownFileType = text; path = .gitignore; sourceTree = "<group>"; };
/* End PBXFileReference section */

/* Begin PBXFileSystemSynchronizedBuildFileExceptionSet section */
		143214A42DCC86D00048FF59 /* Exceptions for "iTunesProject" folder in "iTunesProject" target */ = {
			isa = PBXFileSystemSynchronizedBuildFileExceptionSet;
			membershipExceptions = (
				Resources/Info.plist,
			);
			target = 1432147B2DCC86CE0048FF59 /* iTunesProject */;
		};
/* End PBXFileSystemSynchronizedBuildFileExceptionSet section */

/* Begin PBXFileSystemSynchronizedRootGroup section */
		1432147E2DCC86CE0048FF59 /* iTunesProject */ = {
			isa = PBXFileSystemSynchronizedRootGroup;
			exceptions = (
				143214A42DCC86D00048FF59 /* Exceptions for "iTunesProject" folder in "iTunesProject" target */,
			);
			path = iTunesProject;
			sourceTree = "<group>";
		};
		143214952DCC86D00048FF59 /* iTunesProjectTests */ = {
			isa = PBXFileSystemSynchronizedRootGroup;
			path = iTunesProjectTests;
			sourceTree = "<group>";
		};
		1432149F2DCC86D00048FF59 /* iTunesProjectUITests */ = {
			isa = PBXFileSystemSynchronizedRootGroup;
			path = iTunesProjectUITests;
			sourceTree = "<group>";
		};
/* End PBXFileSystemSynchronizedRootGroup section */

/* Begin PBXFrameworksBuildPhase section */
		143214792DCC86CE0048FF59 /* Frameworks */ = {
			isa = PBXFrameworksBuildPhase;
			buildActionMask = 2147483647;
			files = (
				1442F9C42DCCA1D2004FF1CA /* RxCocoa in Frameworks */,
				1442F9BE2DCCA1B2004FF1CA /* SnapKit in Frameworks */,
				1442F9C82DCCA1D2004FF1CA /* RxSwift in Frameworks */,
				1442F9F22DCDAAD8004FF1CA /* RxDataSources in Frameworks */,
				1442F9C62DCCA1D2004FF1CA /* RxRelay in Frameworks */,
				1442F9C12DCCA1BF004FF1CA /* Then in Frameworks */,
			);
			runOnlyForDeploymentPostprocessing = 0;
		};
		1432148F2DCC86D00048FF59 /* Frameworks */ = {
			isa = PBXFrameworksBuildPhase;
			buildActionMask = 2147483647;
			files = (
			);
			runOnlyForDeploymentPostprocessing = 0;
		};
		143214992DCC86D00048FF59 /* Frameworks */ = {
			isa = PBXFrameworksBuildPhase;
			buildActionMask = 2147483647;
			files = (
			);
			runOnlyForDeploymentPostprocessing = 0;
		};
/* End PBXFrameworksBuildPhase section */

/* Begin PBXGroup section */
		143214732DCC86CE0048FF59 = {
			isa = PBXGroup;
			children = (
				143214B02DCC87230048FF59 /* .gitignore */,
				1432147E2DCC86CE0048FF59 /* iTunesProject */,
				143214952DCC86D00048FF59 /* iTunesProjectTests */,
				1432149F2DCC86D00048FF59 /* iTunesProjectUITests */,
				1432147D2DCC86CE0048FF59 /* Products */,
			);
			sourceTree = "<group>";
		};
		1432147D2DCC86CE0048FF59 /* Products */ = {
			isa = PBXGroup;
			children = (
				1432147C2DCC86CE0048FF59 /* iTunesProject.app */,
				143214922DCC86D00048FF59 /* iTunesProjectTests.xctest */,
				1432149C2DCC86D00048FF59 /* iTunesProjectUITests.xctest */,
			);
			name = Products;
			sourceTree = "<group>";
		};
/* End PBXGroup section */

/* Begin PBXNativeTarget section */
		1432147B2DCC86CE0048FF59 /* iTunesProject */ = {
			isa = PBXNativeTarget;
			buildConfigurationList = 143214A52DCC86D00048FF59 /* Build configuration list for PBXNativeTarget "iTunesProject" */;
			buildPhases = (
				143214782DCC86CE0048FF59 /* Sources */,
				143214792DCC86CE0048FF59 /* Frameworks */,
				1432147A2DCC86CE0048FF59 /* Resources */,
			);
			buildRules = (
			);
			dependencies = (
			);
			fileSystemSynchronizedGroups = (
				1432147E2DCC86CE0048FF59 /* iTunesProject */,
			);
			name = iTunesProject;
			packageProductDependencies = (
				1442F9BD2DCCA1B2004FF1CA /* SnapKit */,
				1442F9C02DCCA1BF004FF1CA /* Then */,
				1442F9C32DCCA1D2004FF1CA /* RxCocoa */,
				1442F9C52DCCA1D2004FF1CA /* RxRelay */,
				1442F9C72DCCA1D2004FF1CA /* RxSwift */,
				1442F9F12DCDAAD8004FF1CA /* RxDataSources */,
			);
			productName = iTunesProject;
			productReference = 1432147C2DCC86CE0048FF59 /* iTunesProject.app */;
			productType = "com.apple.product-type.application";
		};
		143214912DCC86D00048FF59 /* iTunesProjectTests */ = {
			isa = PBXNativeTarget;
			buildConfigurationList = 143214AA2DCC86D00048FF59 /* Build configuration list for PBXNativeTarget "iTunesProjectTests" */;
			buildPhases = (
				1432148E2DCC86D00048FF59 /* Sources */,
				1432148F2DCC86D00048FF59 /* Frameworks */,
				143214902DCC86D00048FF59 /* Resources */,
			);
			buildRules = (
			);
			dependencies = (
				143214942DCC86D00048FF59 /* PBXTargetDependency */,
			);
			fileSystemSynchronizedGroups = (
				143214952DCC86D00048FF59 /* iTunesProjectTests */,
			);
			name = iTunesProjectTests;
			packageProductDependencies = (
			);
			productName = iTunesProjectTests;
			productReference = 143214922DCC86D00048FF59 /* iTunesProjectTests.xctest */;
			productType = "com.apple.product-type.bundle.unit-test";
		};
		1432149B2DCC86D00048FF59 /* iTunesProjectUITests */ = {
			isa = PBXNativeTarget;
			buildConfigurationList = 143214AD2DCC86D00048FF59 /* Build configuration list for PBXNativeTarget "iTunesProjectUITests" */;
			buildPhases = (
				143214982DCC86D00048FF59 /* Sources */,
				143214992DCC86D00048FF59 /* Frameworks */,
				1432149A2DCC86D00048FF59 /* Resources */,
			);
			buildRules = (
			);
			dependencies = (
				1432149E2DCC86D00048FF59 /* PBXTargetDependency */,
			);
			fileSystemSynchronizedGroups = (
				1432149F2DCC86D00048FF59 /* iTunesProjectUITests */,
			);
			name = iTunesProjectUITests;
			packageProductDependencies = (
			);
			productName = iTunesProjectUITests;
			productReference = 1432149C2DCC86D00048FF59 /* iTunesProjectUITests.xctest */;
			productType = "com.apple.product-type.bundle.ui-testing";
		};
/* End PBXNativeTarget section */

/* Begin PBXProject section */
		143214742DCC86CE0048FF59 /* Project object */ = {
			isa = PBXProject;
			attributes = {
				BuildIndependentTargetsInParallel = 1;
				LastSwiftUpdateCheck = 1630;
				LastUpgradeCheck = 1630;
				TargetAttributes = {
					1432147B2DCC86CE0048FF59 = {
						CreatedOnToolsVersion = 16.3;
					};
					143214912DCC86D00048FF59 = {
						CreatedOnToolsVersion = 16.3;
						TestTargetID = 1432147B2DCC86CE0048FF59;
					};
					1432149B2DCC86D00048FF59 = {
						CreatedOnToolsVersion = 16.3;
						TestTargetID = 1432147B2DCC86CE0048FF59;
					};
				};
			};
			buildConfigurationList = 143214772DCC86CE0048FF59 /* Build configuration list for PBXProject "iTunesProject" */;
			developmentRegion = en;
			hasScannedForEncodings = 0;
			knownRegions = (
				en,
				Base,
			);
			mainGroup = 143214732DCC86CE0048FF59;
			minimizedProjectReferenceProxies = 1;
			packageReferences = (
				1442F9BC2DCCA1B2004FF1CA /* XCRemoteSwiftPackageReference "SnapKit" */,
				1442F9BF2DCCA1BF004FF1CA /* XCRemoteSwiftPackageReference "Then" */,
				1442F9C22DCCA1D2004FF1CA /* XCRemoteSwiftPackageReference "RxSwift" */,
				1442F9F02DCDAAD8004FF1CA /* XCRemoteSwiftPackageReference "RxDataSources" */,
			);
			preferredProjectObjectVersion = 77;
			productRefGroup = 1432147D2DCC86CE0048FF59 /* Products */;
			projectDirPath = "";
			projectRoot = "";
			targets = (
				1432147B2DCC86CE0048FF59 /* iTunesProject */,
				143214912DCC86D00048FF59 /* iTunesProjectTests */,
				1432149B2DCC86D00048FF59 /* iTunesProjectUITests */,
			);
		};
/* End PBXProject section */

/* Begin PBXResourcesBuildPhase section */
		1432147A2DCC86CE0048FF59 /* Resources */ = {
			isa = PBXResourcesBuildPhase;
			buildActionMask = 2147483647;
			files = (
				143214B12DCC87230048FF59 /* .gitignore in Resources */,
			);
			runOnlyForDeploymentPostprocessing = 0;
		};
		143214902DCC86D00048FF59 /* Resources */ = {
			isa = PBXResourcesBuildPhase;
			buildActionMask = 2147483647;
			files = (
			);
			runOnlyForDeploymentPostprocessing = 0;
		};
		1432149A2DCC86D00048FF59 /* Resources */ = {
			isa = PBXResourcesBuildPhase;
			buildActionMask = 2147483647;
			files = (
			);
			runOnlyForDeploymentPostprocessing = 0;
		};
/* End PBXResourcesBuildPhase section */

/* Begin PBXSourcesBuildPhase section */
		143214782DCC86CE0048FF59 /* Sources */ = {
			isa = PBXSourcesBuildPhase;
			buildActionMask = 2147483647;
			files = (
			);
			runOnlyForDeploymentPostprocessing = 0;
		};
		1432148E2DCC86D00048FF59 /* Sources */ = {
			isa = PBXSourcesBuildPhase;
			buildActionMask = 2147483647;
			files = (
			);
			runOnlyForDeploymentPostprocessing = 0;
		};
		143214982DCC86D00048FF59 /* Sources */ = {
			isa = PBXSourcesBuildPhase;
			buildActionMask = 2147483647;
			files = (
			);
			runOnlyForDeploymentPostprocessing = 0;
		};
/* End PBXSourcesBuildPhase section */

/* Begin PBXTargetDependency section */
		143214942DCC86D00048FF59 /* PBXTargetDependency */ = {
			isa = PBXTargetDependency;
			target = 1432147B2DCC86CE0048FF59 /* iTunesProject */;
			targetProxy = 143214932DCC86D00048FF59 /* PBXContainerItemProxy */;
		};
		1432149E2DCC86D00048FF59 /* PBXTargetDependency */ = {
			isa = PBXTargetDependency;
			target = 1432147B2DCC86CE0048FF59 /* iTunesProject */;
			targetProxy = 1432149D2DCC86D00048FF59 /* PBXContainerItemProxy */;
		};
/* End PBXTargetDependency section */

/* Begin XCBuildConfiguration section */
		143214A62DCC86D00048FF59 /* Debug */ = {
			isa = XCBuildConfiguration;
			buildSettings = {
				ASSETCATALOG_COMPILER_APPICON_NAME = AppIcon;
				ASSETCATALOG_COMPILER_GLOBAL_ACCENT_COLOR_NAME = AccentColor;
				CODE_SIGN_STYLE = Automatic;
				CURRENT_PROJECT_VERSION = 1;
				DEVELOPMENT_TEAM = DD66GTY4AT;
				GENERATE_INFOPLIST_FILE = YES;
				INFOPLIST_FILE = iTunesProject/Resources/Info.plist;
				INFOPLIST_KEY_UIApplicationSupportsIndirectInputEvents = YES;
				INFOPLIST_KEY_UILaunchStoryboardName = LaunchScreen;
				INFOPLIST_KEY_UISupportedInterfaceOrientations_iPad = "UIInterfaceOrientationPortrait UIInterfaceOrientationPortraitUpsideDown UIInterfaceOrientationLandscapeLeft UIInterfaceOrientationLandscapeRight";
				INFOPLIST_KEY_UISupportedInterfaceOrientations_iPhone = "UIInterfaceOrientationPortrait UIInterfaceOrientationLandscapeLeft UIInterfaceOrientationLandscapeRight";
				IPHONEOS_DEPLOYMENT_TARGET = 16.0;
				LD_RUNPATH_SEARCH_PATHS = (
					"$(inherited)",
					"@executable_path/Frameworks",
				);
				MARKETING_VERSION = 1.0;
				PRODUCT_BUNDLE_IDENTIFIER = com.raebaek.iTunesProject;
				PRODUCT_NAME = "$(TARGET_NAME)";
				SWIFT_EMIT_LOC_STRINGS = YES;
				SWIFT_VERSION = 5.0;
				TARGETED_DEVICE_FAMILY = "1,2";
			};
			name = Debug;
		};
		143214A72DCC86D00048FF59 /* Release */ = {
			isa = XCBuildConfiguration;
			buildSettings = {
				ASSETCATALOG_COMPILER_APPICON_NAME = AppIcon;
				ASSETCATALOG_COMPILER_GLOBAL_ACCENT_COLOR_NAME = AccentColor;
				CODE_SIGN_STYLE = Automatic;
				CURRENT_PROJECT_VERSION = 1;
				DEVELOPMENT_TEAM = DD66GTY4AT;
				GENERATE_INFOPLIST_FILE = YES;
				INFOPLIST_FILE = iTunesProject/Resources/Info.plist;
				INFOPLIST_KEY_UIApplicationSupportsIndirectInputEvents = YES;
				INFOPLIST_KEY_UILaunchStoryboardName = LaunchScreen;
				INFOPLIST_KEY_UISupportedInterfaceOrientations_iPad = "UIInterfaceOrientationPortrait UIInterfaceOrientationPortraitUpsideDown UIInterfaceOrientationLandscapeLeft UIInterfaceOrientationLandscapeRight";
				INFOPLIST_KEY_UISupportedInterfaceOrientations_iPhone = "UIInterfaceOrientationPortrait UIInterfaceOrientationLandscapeLeft UIInterfaceOrientationLandscapeRight";
				IPHONEOS_DEPLOYMENT_TARGET = 16.0;
				LD_RUNPATH_SEARCH_PATHS = (
					"$(inherited)",
					"@executable_path/Frameworks",
				);
				MARKETING_VERSION = 1.0;
				PRODUCT_BUNDLE_IDENTIFIER = com.raebaek.iTunesProject;
				PRODUCT_NAME = "$(TARGET_NAME)";
				SWIFT_EMIT_LOC_STRINGS = YES;
				SWIFT_VERSION = 5.0;
				TARGETED_DEVICE_FAMILY = "1,2";
			};
			name = Release;
		};
		143214A82DCC86D00048FF59 /* Debug */ = {
			isa = XCBuildConfiguration;
			buildSettings = {
				ALWAYS_SEARCH_USER_PATHS = NO;
				ASSETCATALOG_COMPILER_GENERATE_SWIFT_ASSET_SYMBOL_EXTENSIONS = YES;
				CLANG_ANALYZER_NONNULL = YES;
				CLANG_ANALYZER_NUMBER_OBJECT_CONVERSION = YES_AGGRESSIVE;
				CLANG_CXX_LANGUAGE_STANDARD = "gnu++20";
				CLANG_ENABLE_MODULES = YES;
				CLANG_ENABLE_OBJC_ARC = YES;
				CLANG_ENABLE_OBJC_WEAK = YES;
				CLANG_WARN_BLOCK_CAPTURE_AUTORELEASING = YES;
				CLANG_WARN_BOOL_CONVERSION = YES;
				CLANG_WARN_COMMA = YES;
				CLANG_WARN_CONSTANT_CONVERSION = YES;
				CLANG_WARN_DEPRECATED_OBJC_IMPLEMENTATIONS = YES;
				CLANG_WARN_DIRECT_OBJC_ISA_USAGE = YES_ERROR;
				CLANG_WARN_DOCUMENTATION_COMMENTS = YES;
				CLANG_WARN_EMPTY_BODY = YES;
				CLANG_WARN_ENUM_CONVERSION = YES;
				CLANG_WARN_INFINITE_RECURSION = YES;
				CLANG_WARN_INT_CONVERSION = YES;
				CLANG_WARN_NON_LITERAL_NULL_CONVERSION = YES;
				CLANG_WARN_OBJC_IMPLICIT_RETAIN_SELF = YES;
				CLANG_WARN_OBJC_LITERAL_CONVERSION = YES;
				CLANG_WARN_OBJC_ROOT_CLASS = YES_ERROR;
				CLANG_WARN_QUOTED_INCLUDE_IN_FRAMEWORK_HEADER = YES;
				CLANG_WARN_RANGE_LOOP_ANALYSIS = YES;
				CLANG_WARN_STRICT_PROTOTYPES = YES;
				CLANG_WARN_SUSPICIOUS_MOVE = YES;
				CLANG_WARN_UNGUARDED_AVAILABILITY = YES_AGGRESSIVE;
				CLANG_WARN_UNREACHABLE_CODE = YES;
				CLANG_WARN__DUPLICATE_METHOD_MATCH = YES;
				COPY_PHASE_STRIP = NO;
				DEBUG_INFORMATION_FORMAT = dwarf;
				ENABLE_STRICT_OBJC_MSGSEND = YES;
				ENABLE_TESTABILITY = YES;
				ENABLE_USER_SCRIPT_SANDBOXING = YES;
				GCC_C_LANGUAGE_STANDARD = gnu17;
				GCC_DYNAMIC_NO_PIC = NO;
				GCC_NO_COMMON_BLOCKS = YES;
				GCC_OPTIMIZATION_LEVEL = 0;
				GCC_PREPROCESSOR_DEFINITIONS = (
					"DEBUG=1",
					"$(inherited)",
				);
				GCC_WARN_64_TO_32_BIT_CONVERSION = YES;
				GCC_WARN_ABOUT_RETURN_TYPE = YES_ERROR;
				GCC_WARN_UNDECLARED_SELECTOR = YES;
				GCC_WARN_UNINITIALIZED_AUTOS = YES_AGGRESSIVE;
				GCC_WARN_UNUSED_FUNCTION = YES;
				GCC_WARN_UNUSED_VARIABLE = YES;
				IPHONEOS_DEPLOYMENT_TARGET = 16.6;
				LOCALIZATION_PREFERS_STRING_CATALOGS = YES;
				MTL_ENABLE_DEBUG_INFO = INCLUDE_SOURCE;
				MTL_FAST_MATH = YES;
				ONLY_ACTIVE_ARCH = YES;
				SDKROOT = iphoneos;
				SWIFT_ACTIVE_COMPILATION_CONDITIONS = "DEBUG $(inherited)";
				SWIFT_OPTIMIZATION_LEVEL = "-Onone";
			};
			name = Debug;
		};
		143214A92DCC86D00048FF59 /* Release */ = {
			isa = XCBuildConfiguration;
			buildSettings = {
				ALWAYS_SEARCH_USER_PATHS = NO;
				ASSETCATALOG_COMPILER_GENERATE_SWIFT_ASSET_SYMBOL_EXTENSIONS = YES;
				CLANG_ANALYZER_NONNULL = YES;
				CLANG_ANALYZER_NUMBER_OBJECT_CONVERSION = YES_AGGRESSIVE;
				CLANG_CXX_LANGUAGE_STANDARD = "gnu++20";
				CLANG_ENABLE_MODULES = YES;
				CLANG_ENABLE_OBJC_ARC = YES;
				CLANG_ENABLE_OBJC_WEAK = YES;
				CLANG_WARN_BLOCK_CAPTURE_AUTORELEASING = YES;
				CLANG_WARN_BOOL_CONVERSION = YES;
				CLANG_WARN_COMMA = YES;
				CLANG_WARN_CONSTANT_CONVERSION = YES;
				CLANG_WARN_DEPRECATED_OBJC_IMPLEMENTATIONS = YES;
				CLANG_WARN_DIRECT_OBJC_ISA_USAGE = YES_ERROR;
				CLANG_WARN_DOCUMENTATION_COMMENTS = YES;
				CLANG_WARN_EMPTY_BODY = YES;
				CLANG_WARN_ENUM_CONVERSION = YES;
				CLANG_WARN_INFINITE_RECURSION = YES;
				CLANG_WARN_INT_CONVERSION = YES;
				CLANG_WARN_NON_LITERAL_NULL_CONVERSION = YES;
				CLANG_WARN_OBJC_IMPLICIT_RETAIN_SELF = YES;
				CLANG_WARN_OBJC_LITERAL_CONVERSION = YES;
				CLANG_WARN_OBJC_ROOT_CLASS = YES_ERROR;
				CLANG_WARN_QUOTED_INCLUDE_IN_FRAMEWORK_HEADER = YES;
				CLANG_WARN_RANGE_LOOP_ANALYSIS = YES;
				CLANG_WARN_STRICT_PROTOTYPES = YES;
				CLANG_WARN_SUSPICIOUS_MOVE = YES;
				CLANG_WARN_UNGUARDED_AVAILABILITY = YES_AGGRESSIVE;
				CLANG_WARN_UNREACHABLE_CODE = YES;
				CLANG_WARN__DUPLICATE_METHOD_MATCH = YES;
				COPY_PHASE_STRIP = NO;
				DEBUG_INFORMATION_FORMAT = "dwarf-with-dsym";
				ENABLE_NS_ASSERTIONS = NO;
				ENABLE_STRICT_OBJC_MSGSEND = YES;
				ENABLE_USER_SCRIPT_SANDBOXING = YES;
				GCC_C_LANGUAGE_STANDARD = gnu17;
				GCC_NO_COMMON_BLOCKS = YES;
				GCC_WARN_64_TO_32_BIT_CONVERSION = YES;
				GCC_WARN_ABOUT_RETURN_TYPE = YES_ERROR;
				GCC_WARN_UNDECLARED_SELECTOR = YES;
				GCC_WARN_UNINITIALIZED_AUTOS = YES_AGGRESSIVE;
				GCC_WARN_UNUSED_FUNCTION = YES;
				GCC_WARN_UNUSED_VARIABLE = YES;
				IPHONEOS_DEPLOYMENT_TARGET = 16.6;
				LOCALIZATION_PREFERS_STRING_CATALOGS = YES;
				MTL_ENABLE_DEBUG_INFO = NO;
				MTL_FAST_MATH = YES;
				SDKROOT = iphoneos;
				SWIFT_COMPILATION_MODE = wholemodule;
				VALIDATE_PRODUCT = YES;
			};
			name = Release;
		};
		143214AB2DCC86D00048FF59 /* Debug */ = {
			isa = XCBuildConfiguration;
			buildSettings = {
				BUNDLE_LOADER = "$(TEST_HOST)";
				CODE_SIGN_STYLE = Automatic;
				CURRENT_PROJECT_VERSION = 1;
				GENERATE_INFOPLIST_FILE = YES;
				IPHONEOS_DEPLOYMENT_TARGET = 18.4;
				MARKETING_VERSION = 1.0;
				PRODUCT_BUNDLE_IDENTIFIER = com.raebaek.iTunesProjectTests;
				PRODUCT_NAME = "$(TARGET_NAME)";
				SWIFT_EMIT_LOC_STRINGS = NO;
				SWIFT_VERSION = 5.0;
				TARGETED_DEVICE_FAMILY = "1,2";
				TEST_HOST = "$(BUILT_PRODUCTS_DIR)/iTunesProject.app/$(BUNDLE_EXECUTABLE_FOLDER_PATH)/iTunesProject";
			};
			name = Debug;
		};
		143214AC2DCC86D00048FF59 /* Release */ = {
			isa = XCBuildConfiguration;
			buildSettings = {
				BUNDLE_LOADER = "$(TEST_HOST)";
				CODE_SIGN_STYLE = Automatic;
				CURRENT_PROJECT_VERSION = 1;
				GENERATE_INFOPLIST_FILE = YES;
				IPHONEOS_DEPLOYMENT_TARGET = 18.4;
				MARKETING_VERSION = 1.0;
				PRODUCT_BUNDLE_IDENTIFIER = com.raebaek.iTunesProjectTests;
				PRODUCT_NAME = "$(TARGET_NAME)";
				SWIFT_EMIT_LOC_STRINGS = NO;
				SWIFT_VERSION = 5.0;
				TARGETED_DEVICE_FAMILY = "1,2";
				TEST_HOST = "$(BUILT_PRODUCTS_DIR)/iTunesProject.app/$(BUNDLE_EXECUTABLE_FOLDER_PATH)/iTunesProject";
			};
			name = Release;
		};
		143214AE2DCC86D00048FF59 /* Debug */ = {
			isa = XCBuildConfiguration;
			buildSettings = {
				CODE_SIGN_STYLE = Automatic;
				CURRENT_PROJECT_VERSION = 1;
				GENERATE_INFOPLIST_FILE = YES;
				MARKETING_VERSION = 1.0;
				PRODUCT_BUNDLE_IDENTIFIER = com.raebaek.iTunesProjectUITests;
				PRODUCT_NAME = "$(TARGET_NAME)";
				SWIFT_EMIT_LOC_STRINGS = NO;
				SWIFT_VERSION = 5.0;
				TARGETED_DEVICE_FAMILY = "1,2";
				TEST_TARGET_NAME = iTunesProject;
			};
			name = Debug;
		};
		143214AF2DCC86D00048FF59 /* Release */ = {
			isa = XCBuildConfiguration;
			buildSettings = {
				CODE_SIGN_STYLE = Automatic;
				CURRENT_PROJECT_VERSION = 1;
				GENERATE_INFOPLIST_FILE = YES;
				MARKETING_VERSION = 1.0;
				PRODUCT_BUNDLE_IDENTIFIER = com.raebaek.iTunesProjectUITests;
				PRODUCT_NAME = "$(TARGET_NAME)";
				SWIFT_EMIT_LOC_STRINGS = NO;
				SWIFT_VERSION = 5.0;
				TARGETED_DEVICE_FAMILY = "1,2";
				TEST_TARGET_NAME = iTunesProject;
			};
			name = Release;
		};
/* End XCBuildConfiguration section */

/* Begin XCConfigurationList section */
		143214772DCC86CE0048FF59 /* Build configuration list for PBXProject "iTunesProject" */ = {
			isa = XCConfigurationList;
			buildConfigurations = (
				143214A82DCC86D00048FF59 /* Debug */,
				143214A92DCC86D00048FF59 /* Release */,
			);
			defaultConfigurationIsVisible = 0;
			defaultConfigurationName = Release;
		};
		143214A52DCC86D00048FF59 /* Build configuration list for PBXNativeTarget "iTunesProject" */ = {
			isa = XCConfigurationList;
			buildConfigurations = (
				143214A62DCC86D00048FF59 /* Debug */,
				143214A72DCC86D00048FF59 /* Release */,
			);
			defaultConfigurationIsVisible = 0;
			defaultConfigurationName = Release;
		};
		143214AA2DCC86D00048FF59 /* Build configuration list for PBXNativeTarget "iTunesProjectTests" */ = {
			isa = XCConfigurationList;
			buildConfigurations = (
				143214AB2DCC86D00048FF59 /* Debug */,
				143214AC2DCC86D00048FF59 /* Release */,
			);
			defaultConfigurationIsVisible = 0;
			defaultConfigurationName = Release;
		};
		143214AD2DCC86D00048FF59 /* Build configuration list for PBXNativeTarget "iTunesProjectUITests" */ = {
			isa = XCConfigurationList;
			buildConfigurations = (
				143214AE2DCC86D00048FF59 /* Debug */,
				143214AF2DCC86D00048FF59 /* Release */,
			);
			defaultConfigurationIsVisible = 0;
			defaultConfigurationName = Release;
		};
/* End XCConfigurationList section */

/* Begin XCRemoteSwiftPackageReference section */
		1442F9BC2DCCA1B2004FF1CA /* XCRemoteSwiftPackageReference "SnapKit" */ = {
			isa = XCRemoteSwiftPackageReference;
			repositoryURL = "https://github.com/SnapKit/SnapKit.git";
			requirement = {
				kind = upToNextMajorVersion;
				minimumVersion = 5.7.1;
			};
		};
		1442F9BF2DCCA1BF004FF1CA /* XCRemoteSwiftPackageReference "Then" */ = {
			isa = XCRemoteSwiftPackageReference;
			repositoryURL = "https://github.com/devxoul/Then.git";
			requirement = {
				kind = upToNextMajorVersion;
				minimumVersion = 3.0.0;
			};
		};
		1442F9C22DCCA1D2004FF1CA /* XCRemoteSwiftPackageReference "RxSwift" */ = {
			isa = XCRemoteSwiftPackageReference;
			repositoryURL = "https://github.com/ReactiveX/RxSwift.git";
			requirement = {
				kind = upToNextMajorVersion;
				minimumVersion = 6.9.0;
			};
		};
		1442F9F02DCDAAD8004FF1CA /* XCRemoteSwiftPackageReference "RxDataSources" */ = {
			isa = XCRemoteSwiftPackageReference;
			repositoryURL = "https://github.com/RxSwiftCommunity/RxDataSources.git";
			requirement = {
				kind = upToNextMajorVersion;
				minimumVersion = 5.0.2;
			};
		};
/* End XCRemoteSwiftPackageReference section */

/* Begin XCSwiftPackageProductDependency section */
		1442F9BD2DCCA1B2004FF1CA /* SnapKit */ = {
			isa = XCSwiftPackageProductDependency;
			package = 1442F9BC2DCCA1B2004FF1CA /* XCRemoteSwiftPackageReference "SnapKit" */;
			productName = SnapKit;
		};
		1442F9C02DCCA1BF004FF1CA /* Then */ = {
			isa = XCSwiftPackageProductDependency;
			package = 1442F9BF2DCCA1BF004FF1CA /* XCRemoteSwiftPackageReference "Then" */;
			productName = Then;
		};
		1442F9C32DCCA1D2004FF1CA /* RxCocoa */ = {
			isa = XCSwiftPackageProductDependency;
			package = 1442F9C22DCCA1D2004FF1CA /* XCRemoteSwiftPackageReference "RxSwift" */;
			productName = RxCocoa;
		};
		1442F9C52DCCA1D2004FF1CA /* RxRelay */ = {
			isa = XCSwiftPackageProductDependency;
			package = 1442F9C22DCCA1D2004FF1CA /* XCRemoteSwiftPackageReference "RxSwift" */;
			productName = RxRelay;
		};
		1442F9C72DCCA1D2004FF1CA /* RxSwift */ = {
			isa = XCSwiftPackageProductDependency;
			package = 1442F9C22DCCA1D2004FF1CA /* XCRemoteSwiftPackageReference "RxSwift" */;
			productName = RxSwift;
		};
		1442F9F12DCDAAD8004FF1CA /* RxDataSources */ = {
			isa = XCSwiftPackageProductDependency;
			package = 1442F9F02DCDAAD8004FF1CA /* XCRemoteSwiftPackageReference "RxDataSources" */;
			productName = RxDataSources;
		};
/* End XCSwiftPackageProductDependency section */
	};
	rootObject = 143214742DCC86CE0048FF59 /* Project object */;
}
